
Microsoft Visual Studio Solution File, Format Version 12.00
# Visual Studio Version 17
VisualStudioVersion = 17.1.32421.90
MinimumVisualStudioVersion = 10.0.40219.1
Project("{FAE04EC0-301F-11D3-BF4B-00C04F79EFBC}") = "api-contratos-servicos", "api-contratos-servicos\api-contratos-servicos.csproj", "{CCC2E380-A5AD-4828-82C9-0DF4357D0278}"
EndProject
Global
	GlobalSection(SolutionConfigurationPlatforms) = preSolution
		Debug|Any CPU = Debug|Any CPU
		Release|Any CPU = Release|Any CPU
	EndGlobalSection
	GlobalSection(ProjectConfigurationPlatforms) = postSolution
		{CCC2E380-A5AD-4828-82C9-0DF4357D0278}.Debug|Any CPU.ActiveCfg = Debug|Any CPU
		{CCC2E380-A5AD-4828-82C9-0DF4357D0278}.Debug|Any CPU.Build.0 = Debug|Any CPU
		{CCC2E380-A5AD-4828-82C9-0DF4357D0278}.Release|Any CPU.ActiveCfg = Release|Any CPU
		{CCC2E380-A5AD-4828-82C9-0DF4357D0278}.Release|Any CPU.Build.0 = Release|Any CPU
	EndGlobalSection
	GlobalSection(SolutionProperties) = preSolution
		HideSolutionNode = FALSE
	EndGlobalSection
	GlobalSection(ExtensibilityGlobals) = postSolution
		SolutionGuid = {56E763B8-8D3F-4531-BAD4-77AF33CEF5B2}
	EndGlobalSection
EndGlobal
